
Microsoft Visual Studio Solution File, Format Version 12.00
# Visual Studio Version 17
VisualStudioVersion = 17.8.34525.116
MinimumVisualStudioVersion = 10.0.40219.1
Project("{FAE04EC0-301F-11D3-BF4B-00C04F79EFBC}") = "KPIV-CO", "KPIV-CO\KPIV-CO.csproj", "{B020594F-2462-4635-96CA-75EAE77133DC}"
EndProject
Global
	GlobalSection(SolutionConfigurationPlatforms) = preSolution
		Debug|Any CPU = Debug|Any CPU
		Release|Any CPU = Release|Any CPU
	EndGlobalSection
	GlobalSection(ProjectConfigurationPlatforms) = postSolution
		{B020594F-2462-4635-96CA-75EAE77133DC}.Debug|Any CPU.ActiveCfg = Debug|Any CPU
		{B020594F-2462-4635-96CA-75EAE77133DC}.Debug|Any CPU.Build.0 = Debug|Any CPU
		{B020594F-2462-4635-96CA-75EAE77133DC}.Release|Any CPU.ActiveCfg = Release|Any CPU
		{B020594F-2462-4635-96CA-75EAE77133DC}.Release|Any CPU.Build.0 = Release|Any CPU
	EndGlobalSection
	GlobalSection(SolutionProperties) = preSolution
		HideSolutionNode = FALSE
	EndGlobalSection
	GlobalSection(ExtensibilityGlobals) = postSolution
		SolutionGuid = {F0B35F03-5310-4F49-B6D7-388FBEB9B6BA}
	EndGlobalSection
EndGlobal
